{
  "name": "mglenn001",
  "lockfileVersion": 3,
  "requires": true,
  "packages": {
    "": {
      "devDependencies": {
        "chromatic": "^11.28.2"
      }
    },
    "node_modules/chromatic": {
      "version": "11.28.2",
      "resolved": "https://registry.npmjs.org/chromatic/-/chromatic-11.28.2.tgz",
      "integrity": "sha512-aCmUPcZUs4/p9zRZdMreOoO/5JqO2DiJC3md1/vRx8dlMRcmR/YI5ZbgXZcai2absVR+6hsXZ5XiPxV2sboTuQ==",
      "dev": true,
      "bin": {
        "chroma": "dist/bin.js",
        "chromatic": "dist/bin.js",
        "chromatic-cli": "dist/bin.js"
      },
      "peerDependencies": {
        "@chromatic-com/cypress": "^0.*.* || ^1.0.0",
        "@chromatic-com/playwright": "^0.*.* || ^1.0.0"
      },
      "peerDependenciesMeta": {
        "@chromatic-com/cypress": {
          "optional": true
        },
        "@chromatic-com/playwright": {
          "optional": true
        }
      }
    }
  }
}
